
Microsoft Visual Studio Solution File, Format Version 12.00
# Visual Studio Version 17
VisualStudioVersion = 17.14.36414.22
MinimumVisualStudioVersion = 10.0.40219.1
Project("{2150E333-8FDC-42A3-9474-1A3956D46DE8}") = "Task0", "Task0", "{02EA681E-C7D8-13C7-8484-4AC65E1B71E8}"
EndProject
Project("{FAE04EC0-301F-11D3-BF4B-00C04F79EFBC}") = "Tyuiu.PavlovaVV.Sprint2.Task0.V22", "Tyuiu.PavlovaVV.Sprint2.Task0.V22\Tyuiu.PavlovaVV.Sprint2.Task0.V22.csproj", "{AE15C9BB-359E-4D0E-B2F3-7BC9F7801358}"
EndProject
Project("{FAE04EC0-301F-11D3-BF4B-00C04F79EFBC}") = "Tyuiu.PavlovaVV.Sprint2.Task0.V22.Lib", "Tyuiu.PavlovaVV.Sprint2.Task0.V22.Lib\Tyuiu.PavlovaVV.Sprint2.Task0.V22.Lib.csproj", "{6451D181-7BFB-4F63-9BD3-721383CC8D4D}"
EndProject
Project("{FAE04EC0-301F-11D3-BF4B-00C04F79EFBC}") = "Tyuiu.PavlovaVV.Sprint2.Task0.V22.Test", "Tyuiu.PavlovaVV.Sprint2.Task0.V22.Test\Tyuiu.PavlovaVV.Sprint2.Task0.V22.Test.csproj", "{17EBBB6B-BB53-462B-A1D2-0C9A6358147A}"
EndProject
Project("{2150E333-8FDC-42A3-9474-1A3956D46DE8}") = "Task1", "Task1", "{45CE3B02-6CE3-40BC-86B0-D302FFE9D563}"
EndProject
Project("{FAE04EC0-301F-11D3-BF4B-00C04F79EFBC}") = "Tyuiu.PavlovaVV.Sprint2.Task1.V2", "Tyuiu.PavlovaVV.Sprint2.Task1.V2\Tyuiu.PavlovaVV.Sprint2.Task1.V2.csproj", "{BCF1F5C7-218C-4C28-980F-33C79D99ADBB}"
EndProject
Project("{FAE04EC0-301F-11D3-BF4B-00C04F79EFBC}") = "Tyuiu.PavlovaVV.Sprint2.Task1.V2.Lib", "Tyuiu.PavlovaVV.Sprint2.Task1.V2.Lib\Tyuiu.PavlovaVV.Sprint2.Task1.V2.Lib.csproj", "{13C9A82E-598C-49F8-B077-D43521DFF57D}"
EndProject
Project("{FAE04EC0-301F-11D3-BF4B-00C04F79EFBC}") = "Tyuiu.PavlovaVV.Sprint2.Task1.V2.Test", "Tyuiu.PavlovaVV.Sprint2.Task1.V2.Test\Tyuiu.PavlovaVV.Sprint2.Task1.V2.Test.csproj", "{ED79384D-1493-41C2-B38C-FE597E285366}"
EndProject
Project("{2150E333-8FDC-42A3-9474-1A3956D46DE8}") = "Task2", "Task2", "{DC5A567E-5BA5-4EFC-BEAF-1445461AB830}"
EndProject
Project("{FAE04EC0-301F-11D3-BF4B-00C04F79EFBC}") = "Tyuiu.PavlovaVV.Sprint2.Task2.V26", "Tyuiu.PavlovaVV.Sprint2.Task2.V26\Tyuiu.PavlovaVV.Sprint2.Task2.V26.csproj", "{893FE7F1-11D3-4C36-B669-4365CAA9B712}"
EndProject
Project("{FAE04EC0-301F-11D3-BF4B-00C04F79EFBC}") = "Tyuiu.PavlovaVV.Sprint2.Task2.V26.Lib", "Tyuiu.PavlovaVV.Sprint2.Task2.V26.Lib\Tyuiu.PavlovaVV.Sprint2.Task2.V26.Lib.csproj", "{13A077B7-6A81-4E2E-9203-C0DB4EA420C5}"
EndProject
Project("{FAE04EC0-301F-11D3-BF4B-00C04F79EFBC}") = "Tyuiu.PavlovaVV.Sprint2.Task2.V26.Test", "Tyuiu.PavlovaVV.Sprint2.Task2.V26.Test\Tyuiu.PavlovaVV.Sprint2.Task2.V26.Test.csproj", "{6B177BC5-058B-4712-ACF2-4B82ADE625AD}"
EndProject
Project("{2150E333-8FDC-42A3-9474-1A3956D46DE8}") = "Task3", "Task3", "{7C22C933-8F9C-435E-94CF-E9180C1757DE}"
EndProject
Project("{FAE04EC0-301F-11D3-BF4B-00C04F79EFBC}") = "Tyuiu.PavlovaVV.Sprint2.Task3.V13", "Tyuiu.PavlovaVV.Sprint2.Task3.V13\Tyuiu.PavlovaVV.Sprint2.Task3.V13.csproj", "{C4C1E0BE-3A49-42B4-90E9-07BCFBE7CB06}"
EndProject
Project("{FAE04EC0-301F-11D3-BF4B-00C04F79EFBC}") = "Tyuiu.PavlovaVV.Sprint2.Task3.V13.Lib", "Tyuiu.PavlovaVV.Sprint2.Task3.V13.Lib\Tyuiu.PavlovaVV.Sprint2.Task3.V13.Lib.csproj", "{1E1ED33F-0ADE-49C4-BF66-F0404D1BE7A4}"
EndProject
Project("{FAE04EC0-301F-11D3-BF4B-00C04F79EFBC}") = "Tyuiu.PavlovaVV.Sprint2.Task3.V13.Test", "Tyuiu.PavlovaVV.Sprint2.Task3.V13.Test\Tyuiu.PavlovaVV.Sprint2.Task3.V13.Test.csproj", "{38B9C8FC-07B7-453D-A2D5-55F476A89E12}"
EndProject
Project("{2150E333-8FDC-42A3-9474-1A3956D46DE8}") = "Task4", "Task4", "{F08F4464-ED5C-4B8F-8EC0-8564EFDAB9D4}"
EndProject
Project("{FAE04EC0-301F-11D3-BF4B-00C04F79EFBC}") = "Tyuiu.PavlovaVV.Sprint2.Task4.V15", "Tyuiu.PavlovaVV.Sprint2.Task4.V15\Tyuiu.PavlovaVV.Sprint2.Task4.V15.csproj", "{09AF5F9F-68B3-4D8F-B1C5-FA3139F184ED}"
EndProject
Project("{FAE04EC0-301F-11D3-BF4B-00C04F79EFBC}") = "Tyuiu.PavlovaVV.Sprint2.Task4.V15.Lib", "Tyuiu.PavlovaVV.Sprint2.Task4.V15.Lib\Tyuiu.PavlovaVV.Sprint2.Task4.V15.Lib.csproj", "{55D998B1-D6DE-4DB3-92FC-AE5FD688D54F}"
EndProject
Project("{FAE04EC0-301F-11D3-BF4B-00C04F79EFBC}") = "Tyuiu.PavlovaVV.Sprint2.Task4.V15.Test", "Tyuiu.PavlovaVV.Sprint2.Task4.V15.Test\Tyuiu.PavlovaVV.Sprint2.Task4.V15.Test.csproj", "{B1A004BE-678C-4092-A92A-72A4C73D5C13}"
EndProject
Project("{2150E333-8FDC-42A3-9474-1A3956D46DE8}") = "Task5", "Task5", "{A11F1B09-759D-4F11-B574-DD34277B4C20}"
EndProject
Project("{FAE04EC0-301F-11D3-BF4B-00C04F79EFBC}") = "Tyuiu.PavlovaVV.Sprint2.Task5.V9", "Tyuiu.PavlovaVV.Sprint2.Task5.V9\Tyuiu.PavlovaVV.Sprint2.Task5.V9.csproj", "{EB034236-1059-4AC8-8F89-08B309C620F9}"
EndProject
Project("{FAE04EC0-301F-11D3-BF4B-00C04F79EFBC}") = "Tyuiu.PavlovaVV.Sprint2.Task5.V9.Test", "Tyuiu.PavlovaVV.Sprint2.Task5.V9.Test\Tyuiu.PavlovaVV.Sprint2.Task5.V9.Test.csproj", "{27DE97CC-B94B-4A76-B361-72369BF3FD58}"
EndProject
Project("{FAE04EC0-301F-11D3-BF4B-00C04F79EFBC}") = "Tyuiu.PavlovaVV.Sprint2.Task5.V9.Lib", "Tyuiu.PavlovaVV.Sprint2.Task5.V9.Lib\Tyuiu.PavlovaVV.Sprint2.Task5.V9.Lib.csproj", "{321D8F4C-47CC-4256-8276-2D7991AB796E}"
EndProject
Project("{2150E333-8FDC-42A3-9474-1A3956D46DE8}") = "Task6", "Task6", "{49D0275C-872B-4667-BB07-F3A0FC97C308}"
EndProject
Project("{FAE04EC0-301F-11D3-BF4B-00C04F79EFBC}") = "Tyuiu.PavlovaVV.Sprint2.Task6.V15", "Tyuiu.PavlovaVV.Sprint2.Task6.V15\Tyuiu.PavlovaVV.Sprint2.Task6.V15.csproj", "{F7DC6B92-60BB-4E8C-B6D6-41022FDE735D}"
EndProject
Project("{FAE04EC0-301F-11D3-BF4B-00C04F79EFBC}") = "Tyuiu.PavlovaVV.Sprint2.Task6.V15.Lib", "Tyuiu.PavlovaVV.Sprint2.Task6.V15.Lib\Tyuiu.PavlovaVV.Sprint2.Task6.V15.Lib.csproj", "{E28E183A-62F4-40EB-8B4F-39C435D427A1}"
EndProject
Project("{FAE04EC0-301F-11D3-BF4B-00C04F79EFBC}") = "Tyuiu.PavlovaVV.Sprint2.Task6.V15.Test", "Tyuiu.PavlovaVV.Sprint2.Task6.V15.Test\Tyuiu.PavlovaVV.Sprint2.Task6.V15.Test.csproj", "{F16971E2-097F-4283-A7EE-8088DEAC5C29}"
EndProject
Project("{2150E333-8FDC-42A3-9474-1A3956D46DE8}") = "Task7", "Task7", "{6A0A9524-EC90-453E-8154-1E8F9A21A049}"
EndProject
Global
	GlobalSection(SolutionConfigurationPlatforms) = preSolution
		Debug|Any CPU = Debug|Any CPU
		Release|Any CPU = Release|Any CPU
	EndGlobalSection
	GlobalSection(ProjectConfigurationPlatforms) = postSolution
		{AE15C9BB-359E-4D0E-B2F3-7BC9F7801358}.Debug|Any CPU.ActiveCfg = Debug|Any CPU
		{AE15C9BB-359E-4D0E-B2F3-7BC9F7801358}.Debug|Any CPU.Build.0 = Debug|Any CPU
		{AE15C9BB-359E-4D0E-B2F3-7BC9F7801358}.Release|Any CPU.ActiveCfg = Release|Any CPU
		{AE15C9BB-359E-4D0E-B2F3-7BC9F7801358}.Release|Any CPU.Build.0 = Release|Any CPU
		{6451D181-7BFB-4F63-9BD3-721383CC8D4D}.Debug|Any CPU.ActiveCfg = Debug|Any CPU
		{6451D181-7BFB-4F63-9BD3-721383CC8D4D}.Debug|Any CPU.Build.0 = Debug|Any CPU
		{6451D181-7BFB-4F63-9BD3-721383CC8D4D}.Release|Any CPU.ActiveCfg = Release|Any CPU
		{6451D181-7BFB-4F63-9BD3-721383CC8D4D}.Release|Any CPU.Build.0 = Release|Any CPU
		{17EBBB6B-BB53-462B-A1D2-0C9A6358147A}.Debug|Any CPU.ActiveCfg = Debug|Any CPU
		{17EBBB6B-BB53-462B-A1D2-0C9A6358147A}.Debug|Any CPU.Build.0 = Debug|Any CPU
		{17EBBB6B-BB53-462B-A1D2-0C9A6358147A}.Release|Any CPU.ActiveCfg = Release|Any CPU
		{17EBBB6B-BB53-462B-A1D2-0C9A6358147A}.Release|Any CPU.Build.0 = Release|Any CPU
		{BCF1F5C7-218C-4C28-980F-33C79D99ADBB}.Debug|Any CPU.ActiveCfg = Debug|Any CPU
		{BCF1F5C7-218C-4C28-980F-33C79D99ADBB}.Debug|Any CPU.Build.0 = Debug|Any CPU
		{BCF1F5C7-218C-4C28-980F-33C79D99ADBB}.Release|Any CPU.ActiveCfg = Release|Any CPU
		{BCF1F5C7-218C-4C28-980F-33C79D99ADBB}.Release|Any CPU.Build.0 = Release|Any CPU
		{13C9A82E-598C-49F8-B077-D43521DFF57D}.Debug|Any CPU.ActiveCfg = Debug|Any CPU
		{13C9A82E-598C-49F8-B077-D43521DFF57D}.Debug|Any CPU.Build.0 = Debug|Any CPU
		{13C9A82E-598C-49F8-B077-D43521DFF57D}.Release|Any CPU.ActiveCfg = Release|Any CPU
		{13C9A82E-598C-49F8-B077-D43521DFF57D}.Release|Any CPU.Build.0 = Release|Any CPU
		{ED79384D-1493-41C2-B38C-FE597E285366}.Debug|Any CPU.ActiveCfg = Debug|Any CPU
		{ED79384D-1493-41C2-B38C-FE597E285366}.Debug|Any CPU.Build.0 = Debug|Any CPU
		{ED79384D-1493-41C2-B38C-FE597E285366}.Release|Any CPU.ActiveCfg = Release|Any CPU
		{ED79384D-1493-41C2-B38C-FE597E285366}.Release|Any CPU.Build.0 = Release|Any CPU
		{893FE7F1-11D3-4C36-B669-4365CAA9B712}.Debug|Any CPU.ActiveCfg = Debug|Any CPU
		{893FE7F1-11D3-4C36-B669-4365CAA9B712}.Debug|Any CPU.Build.0 = Debug|Any CPU
		{893FE7F1-11D3-4C36-B669-4365CAA9B712}.Release|Any CPU.ActiveCfg = Release|Any CPU
		{893FE7F1-11D3-4C36-B669-4365CAA9B712}.Release|Any CPU.Build.0 = Release|Any CPU
		{13A077B7-6A81-4E2E-9203-C0DB4EA420C5}.Debug|Any CPU.ActiveCfg = Debug|Any CPU
		{13A077B7-6A81-4E2E-9203-C0DB4EA420C5}.Debug|Any CPU.Build.0 = Debug|Any CPU
		{13A077B7-6A81-4E2E-9203-C0DB4EA420C5}.Release|Any CPU.ActiveCfg = Release|Any CPU
		{13A077B7-6A81-4E2E-9203-C0DB4EA420C5}.Release|Any CPU.Build.0 = Release|Any CPU
		{6B177BC5-058B-4712-ACF2-4B82ADE625AD}.Debug|Any CPU.ActiveCfg = Debug|Any CPU
		{6B177BC5-058B-4712-ACF2-4B82ADE625AD}.Debug|Any CPU.Build.0 = Debug|Any CPU
		{6B177BC5-058B-4712-ACF2-4B82ADE625AD}.Release|Any CPU.ActiveCfg = Release|Any CPU
		{6B177BC5-058B-4712-ACF2-4B82ADE625AD}.Release|Any CPU.Build.0 = Release|Any CPU
		{C4C1E0BE-3A49-42B4-90E9-07BCFBE7CB06}.Debug|Any CPU.ActiveCfg = Debug|Any CPU
		{C4C1E0BE-3A49-42B4-90E9-07BCFBE7CB06}.Debug|Any CPU.Build.0 = Debug|Any CPU
		{C4C1E0BE-3A49-42B4-90E9-07BCFBE7CB06}.Release|Any CPU.ActiveCfg = Release|Any CPU
		{C4C1E0BE-3A49-42B4-90E9-07BCFBE7CB06}.Release|Any CPU.Build.0 = Release|Any CPU
		{1E1ED33F-0ADE-49C4-BF66-F0404D1BE7A4}.Debug|Any CPU.ActiveCfg = Debug|Any CPU
		{1E1ED33F-0ADE-49C4-BF66-F0404D1BE7A4}.Debug|Any CPU.Build.0 = Debug|Any CPU
		{1E1ED33F-0ADE-49C4-BF66-F0404D1BE7A4}.Release|Any CPU.ActiveCfg = Release|Any CPU
		{1E1ED33F-0ADE-49C4-BF66-F0404D1BE7A4}.Release|Any CPU.Build.0 = Release|Any CPU
		{38B9C8FC-07B7-453D-A2D5-55F476A89E12}.Debug|Any CPU.ActiveCfg = Debug|Any CPU
		{38B9C8FC-07B7-453D-A2D5-55F476A89E12}.Debug|Any CPU.Build.0 = Debug|Any CPU
		{38B9C8FC-07B7-453D-A2D5-55F476A89E12}.Release|Any CPU.ActiveCfg = Release|Any CPU
		{38B9C8FC-07B7-453D-A2D5-55F476A89E12}.Release|Any CPU.Build.0 = Release|Any CPU
		{09AF5F9F-68B3-4D8F-B1C5-FA3139F184ED}.Debug|Any CPU.ActiveCfg = Debug|Any CPU
		{09AF5F9F-68B3-4D8F-B1C5-FA3139F184ED}.Debug|Any CPU.Build.0 = Debug|Any CPU
		{09AF5F9F-68B3-4D8F-B1C5-FA3139F184ED}.Release|Any CPU.ActiveCfg = Release|Any CPU
		{09AF5F9F-68B3-4D8F-B1C5-FA3139F184ED}.Release|Any CPU.Build.0 = Release|Any CPU
		{55D998B1-D6DE-4DB3-92FC-AE5FD688D54F}.Debug|Any CPU.ActiveCfg = Debug|Any CPU
		{55D998B1-D6DE-4DB3-92FC-AE5FD688D54F}.Debug|Any CPU.Build.0 = Debug|Any CPU
		{55D998B1-D6DE-4DB3-92FC-AE5FD688D54F}.Release|Any CPU.ActiveCfg = Release|Any CPU
		{55D998B1-D6DE-4DB3-92FC-AE5FD688D54F}.Release|Any CPU.Build.0 = Release|Any CPU
		{B1A004BE-678C-4092-A92A-72A4C73D5C13}.Debug|Any CPU.ActiveCfg = Debug|Any CPU
		{B1A004BE-678C-4092-A92A-72A4C73D5C13}.Debug|Any CPU.Build.0 = Debug|Any CPU
		{B1A004BE-678C-4092-A92A-72A4C73D5C13}.Release|Any CPU.ActiveCfg = Release|Any CPU
		{B1A004BE-678C-4092-A92A-72A4C73D5C13}.Release|Any CPU.Build.0 = Release|Any CPU
		{EB034236-1059-4AC8-8F89-08B309C620F9}.Debug|Any CPU.ActiveCfg = Debug|Any CPU
		{EB034236-1059-4AC8-8F89-08B309C620F9}.Debug|Any CPU.Build.0 = Debug|Any CPU
		{EB034236-1059-4AC8-8F89-08B309C620F9}.Release|Any CPU.ActiveCfg = Release|Any CPU
		{EB034236-1059-4AC8-8F89-08B309C620F9}.Release|Any CPU.Build.0 = Release|Any CPU
		{27DE97CC-B94B-4A76-B361-72369BF3FD58}.Debug|Any CPU.ActiveCfg = Debug|Any CPU
		{27DE97CC-B94B-4A76-B361-72369BF3FD58}.Debug|Any CPU.Build.0 = Debug|Any CPU
		{27DE97CC-B94B-4A76-B361-72369BF3FD58}.Release|Any CPU.ActiveCfg = Release|Any CPU
		{27DE97CC-B94B-4A76-B361-72369BF3FD58}.Release|Any CPU.Build.0 = Release|Any CPU
		{321D8F4C-47CC-4256-8276-2D7991AB796E}.Debug|Any CPU.ActiveCfg = Debug|Any CPU
		{321D8F4C-47CC-4256-8276-2D7991AB796E}.Debug|Any CPU.Build.0 = Debug|Any CPU
		{321D8F4C-47CC-4256-8276-2D7991AB796E}.Release|Any CPU.ActiveCfg = Release|Any CPU
		{321D8F4C-47CC-4256-8276-2D7991AB796E}.Release|Any CPU.Build.0 = Release|Any CPU
		{F7DC6B92-60BB-4E8C-B6D6-41022FDE735D}.Debug|Any CPU.ActiveCfg = Debug|Any CPU
		{F7DC6B92-60BB-4E8C-B6D6-41022FDE735D}.Debug|Any CPU.Build.0 = Debug|Any CPU
		{F7DC6B92-60BB-4E8C-B6D6-41022FDE735D}.Release|Any CPU.ActiveCfg = Release|Any CPU
		{F7DC6B92-60BB-4E8C-B6D6-41022FDE735D}.Release|Any CPU.Build.0 = Release|Any CPU
		{E28E183A-62F4-40EB-8B4F-39C435D427A1}.Debug|Any CPU.ActiveCfg = Debug|Any CPU
		{E28E183A-62F4-40EB-8B4F-39C435D427A1}.Debug|Any CPU.Build.0 = Debug|Any CPU
		{E28E183A-62F4-40EB-8B4F-39C435D427A1}.Release|Any CPU.ActiveCfg = Release|Any CPU
		{E28E183A-62F4-40EB-8B4F-39C435D427A1}.Release|Any CPU.Build.0 = Release|Any CPU
		{F16971E2-097F-4283-A7EE-8088DEAC5C29}.Debug|Any CPU.ActiveCfg = Debug|Any CPU
		{F16971E2-097F-4283-A7EE-8088DEAC5C29}.Debug|Any CPU.Build.0 = Debug|Any CPU
		{F16971E2-097F-4283-A7EE-8088DEAC5C29}.Release|Any CPU.ActiveCfg = Release|Any CPU
		{F16971E2-097F-4283-A7EE-8088DEAC5C29}.Release|Any CPU.Build.0 = Release|Any CPU
	EndGlobalSection
	GlobalSection(SolutionProperties) = preSolution
		HideSolutionNode = FALSE
	EndGlobalSection
	GlobalSection(NestedProjects) = preSolution
		{AE15C9BB-359E-4D0E-B2F3-7BC9F7801358} = {02EA681E-C7D8-13C7-8484-4AC65E1B71E8}
		{6451D181-7BFB-4F63-9BD3-721383CC8D4D} = {02EA681E-C7D8-13C7-8484-4AC65E1B71E8}
		{17EBBB6B-BB53-462B-A1D2-0C9A6358147A} = {02EA681E-C7D8-13C7-8484-4AC65E1B71E8}
		{BCF1F5C7-218C-4C28-980F-33C79D99ADBB} = {45CE3B02-6CE3-40BC-86B0-D302FFE9D563}
		{13C9A82E-598C-49F8-B077-D43521DFF57D} = {45CE3B02-6CE3-40BC-86B0-D302FFE9D563}
		{ED79384D-1493-41C2-B38C-FE597E285366} = {45CE3B02-6CE3-40BC-86B0-D302FFE9D563}
		{893FE7F1-11D3-4C36-B669-4365CAA9B712} = {DC5A567E-5BA5-4EFC-BEAF-1445461AB830}
		{13A077B7-6A81-4E2E-9203-C0DB4EA420C5} = {DC5A567E-5BA5-4EFC-BEAF-1445461AB830}
		{6B177BC5-058B-4712-ACF2-4B82ADE625AD} = {DC5A567E-5BA5-4EFC-BEAF-1445461AB830}
		{C4C1E0BE-3A49-42B4-90E9-07BCFBE7CB06} = {7C22C933-8F9C-435E-94CF-E9180C1757DE}
		{1E1ED33F-0ADE-49C4-BF66-F0404D1BE7A4} = {7C22C933-8F9C-435E-94CF-E9180C1757DE}
		{38B9C8FC-07B7-453D-A2D5-55F476A89E12} = {7C22C933-8F9C-435E-94CF-E9180C1757DE}
		{09AF5F9F-68B3-4D8F-B1C5-FA3139F184ED} = {F08F4464-ED5C-4B8F-8EC0-8564EFDAB9D4}
		{55D998B1-D6DE-4DB3-92FC-AE5FD688D54F} = {F08F4464-ED5C-4B8F-8EC0-8564EFDAB9D4}
		{B1A004BE-678C-4092-A92A-72A4C73D5C13} = {F08F4464-ED5C-4B8F-8EC0-8564EFDAB9D4}
		{EB034236-1059-4AC8-8F89-08B309C620F9} = {A11F1B09-759D-4F11-B574-DD34277B4C20}
		{27DE97CC-B94B-4A76-B361-72369BF3FD58} = {A11F1B09-759D-4F11-B574-DD34277B4C20}
		{321D8F4C-47CC-4256-8276-2D7991AB796E} = {A11F1B09-759D-4F11-B574-DD34277B4C20}
		{F7DC6B92-60BB-4E8C-B6D6-41022FDE735D} = {49D0275C-872B-4667-BB07-F3A0FC97C308}
		{E28E183A-62F4-40EB-8B4F-39C435D427A1} = {49D0275C-872B-4667-BB07-F3A0FC97C308}
		{F16971E2-097F-4283-A7EE-8088DEAC5C29} = {49D0275C-872B-4667-BB07-F3A0FC97C308}
	EndGlobalSection
	GlobalSection(ExtensibilityGlobals) = postSolution
		SolutionGuid = {BBB2B1B9-7AF0-4E88-AEC9-A100D694C527}
	EndGlobalSection
EndGlobal
