
Microsoft Visual Studio Solution File, Format Version 12.00
# Visual Studio Version 17
VisualStudioVersion = 17.14.36414.22 d17.14
MinimumVisualStudioVersion = 10.0.40219.1
Project("{2150E333-8FDC-42A3-9474-1A3956D46DE8}") = "Task0", "Task0", "{02EA681E-C7D8-13C7-8484-4AC65E1B71E8}"
EndProject
Project("{FAE04EC0-301F-11D3-BF4B-00C04F79EFBC}") = "Tyuiu.PavlovaVV.Sprint2.Task0.V22.Test", "Tyuiu.PavlovaVV.Sprint2.Task0.V22.Test\Tyuiu.PavlovaVV.Sprint2.Task0.V22.Test.csproj", "{18546DE1-C7C0-4CAC-AA34-B4A8AB41FAD0}"
EndProject
Project("{FAE04EC0-301F-11D3-BF4B-00C04F79EFBC}") = "Tyuiu.PavlovaVV.Sprint2.Task0.V22.Lib", "Tyuiu.PavlovaVV.Sprint2.Task0.V22.Lib\Tyuiu.PavlovaVV.Sprint2.Task0.V22.Lib.csproj", "{2ED71455-D872-4332-8096-FFF10665BAF7}"
EndProject
Project("{FAE04EC0-301F-11D3-BF4B-00C04F79EFBC}") = "Tyuiu.PavlovaVV.Sprint2.Task0.V22", "Tyuiu.PavlovaVV.Sprint2.Task0.V22\Tyuiu.PavlovaVV.Sprint2.Task0.V22.csproj", "{7CBA6A93-9B80-496D-8594-0577D160D759}"
EndProject
Global
	GlobalSection(SolutionConfigurationPlatforms) = preSolution
		Debug|Any CPU = Debug|Any CPU
		Release|Any CPU = Release|Any CPU
	EndGlobalSection
	GlobalSection(ProjectConfigurationPlatforms) = postSolution
		{18546DE1-C7C0-4CAC-AA34-B4A8AB41FAD0}.Debug|Any CPU.ActiveCfg = Debug|Any CPU
		{18546DE1-C7C0-4CAC-AA34-B4A8AB41FAD0}.Debug|Any CPU.Build.0 = Debug|Any CPU
		{18546DE1-C7C0-4CAC-AA34-B4A8AB41FAD0}.Release|Any CPU.ActiveCfg = Release|Any CPU
		{18546DE1-C7C0-4CAC-AA34-B4A8AB41FAD0}.Release|Any CPU.Build.0 = Release|Any CPU
		{2ED71455-D872-4332-8096-FFF10665BAF7}.Debug|Any CPU.ActiveCfg = Debug|Any CPU
		{2ED71455-D872-4332-8096-FFF10665BAF7}.Debug|Any CPU.Build.0 = Debug|Any CPU
		{2ED71455-D872-4332-8096-FFF10665BAF7}.Release|Any CPU.ActiveCfg = Release|Any CPU
		{2ED71455-D872-4332-8096-FFF10665BAF7}.Release|Any CPU.Build.0 = Release|Any CPU
		{7CBA6A93-9B80-496D-8594-0577D160D759}.Debug|Any CPU.ActiveCfg = Debug|Any CPU
		{7CBA6A93-9B80-496D-8594-0577D160D759}.Debug|Any CPU.Build.0 = Debug|Any CPU
		{7CBA6A93-9B80-496D-8594-0577D160D759}.Release|Any CPU.ActiveCfg = Release|Any CPU
		{7CBA6A93-9B80-496D-8594-0577D160D759}.Release|Any CPU.Build.0 = Release|Any CPU
	EndGlobalSection
	GlobalSection(SolutionProperties) = preSolution
		HideSolutionNode = FALSE
	EndGlobalSection
	GlobalSection(NestedProjects) = preSolution
		{18546DE1-C7C0-4CAC-AA34-B4A8AB41FAD0} = {02EA681E-C7D8-13C7-8484-4AC65E1B71E8}
		{2ED71455-D872-4332-8096-FFF10665BAF7} = {02EA681E-C7D8-13C7-8484-4AC65E1B71E8}
		{7CBA6A93-9B80-496D-8594-0577D160D759} = {02EA681E-C7D8-13C7-8484-4AC65E1B71E8}
	EndGlobalSection
	GlobalSection(ExtensibilityGlobals) = postSolution
		SolutionGuid = {BBB2B1B9-7AF0-4E88-AEC9-A100D694C527}
	EndGlobalSection
EndGlobal
