
Microsoft Visual Studio Solution File, Format Version 12.00
# Visual Studio Version 17
VisualStudioVersion = 17.14.36414.22
MinimumVisualStudioVersion = 10.0.40219.1
Project("{2150E333-8FDC-42A3-9474-1A3956D46DE8}") = "Task0", "Task0", "{02EA681E-C7D8-13C7-8484-4AC65E1B71E8}"
EndProject
Project("{FAE04EC0-301F-11D3-BF4B-00C04F79EFBC}") = "Tyuiu.PavlovaVV.Sprint2.Task0.V22", "Tyuiu.PavlovaVV.Sprint2.Task0.V22\Tyuiu.PavlovaVV.Sprint2.Task0.V22.csproj", "{AE15C9BB-359E-4D0E-B2F3-7BC9F7801358}"
EndProject
Project("{FAE04EC0-301F-11D3-BF4B-00C04F79EFBC}") = "Tyuiu.PavlovaVV.Sprint2.Task0.V22.Lib", "Tyuiu.PavlovaVV.Sprint2.Task0.V22.Lib\Tyuiu.PavlovaVV.Sprint2.Task0.V22.Lib.csproj", "{6451D181-7BFB-4F63-9BD3-721383CC8D4D}"
EndProject
Project("{FAE04EC0-301F-11D3-BF4B-00C04F79EFBC}") = "Tyuiu.PavlovaVV.Sprint2.Task0.V22.Test", "Tyuiu.PavlovaVV.Sprint2.Task0.V22.Test\Tyuiu.PavlovaVV.Sprint2.Task0.V22.Test.csproj", "{17EBBB6B-BB53-462B-A1D2-0C9A6358147A}"
EndProject
Project("{2150E333-8FDC-42A3-9474-1A3956D46DE8}") = "Task1", "Task1", "{AB4F2F44-82A7-4806-BD15-35BF0D47E588}"
EndProject
Project("{FAE04EC0-301F-11D3-BF4B-00C04F79EFBC}") = "Tyuiu.PavlovaVV.Sprint2.Task1.V2", "Tyuiu.PavlovaVV.Sprint2.Tasl1.V2\Tyuiu.PavlovaVV.Sprint2.Task1.V2.csproj", "{FD553B3A-7F68-4365-B64D-644F3566AD56}"
EndProject
Project("{FAE04EC0-301F-11D3-BF4B-00C04F79EFBC}") = "Tyuiu.PavlovaVV.Sprint2.Task1.V2.Lib", "Tyuiu.PavlovaVV.Sprint2.Tasl1.V2.Lib\Tyuiu.PavlovaVV.Sprint2.Task1.V2.Lib.csproj", "{0453037D-CA14-4999-8FE7-3D7942040D2A}"
EndProject
Project("{FAE04EC0-301F-11D3-BF4B-00C04F79EFBC}") = "Tyuiu.PavlovaVV.Sprint2.Task1.V2.Test", "Tyuiu.PavlovaVV.Sprint2.Tasl1.V2.Test\Tyuiu.PavlovaVV.Sprint2.Task1.V2.Test.csproj", "{962A7CE4-DCDB-4212-930A-9625B344B303}"
EndProject
Global
	GlobalSection(SolutionConfigurationPlatforms) = preSolution
		Debug|Any CPU = Debug|Any CPU
		Release|Any CPU = Release|Any CPU
	EndGlobalSection
	GlobalSection(ProjectConfigurationPlatforms) = postSolution
		{AE15C9BB-359E-4D0E-B2F3-7BC9F7801358}.Debug|Any CPU.ActiveCfg = Debug|Any CPU
		{AE15C9BB-359E-4D0E-B2F3-7BC9F7801358}.Debug|Any CPU.Build.0 = Debug|Any CPU
		{AE15C9BB-359E-4D0E-B2F3-7BC9F7801358}.Release|Any CPU.ActiveCfg = Release|Any CPU
		{AE15C9BB-359E-4D0E-B2F3-7BC9F7801358}.Release|Any CPU.Build.0 = Release|Any CPU
		{6451D181-7BFB-4F63-9BD3-721383CC8D4D}.Debug|Any CPU.ActiveCfg = Debug|Any CPU
		{6451D181-7BFB-4F63-9BD3-721383CC8D4D}.Debug|Any CPU.Build.0 = Debug|Any CPU
		{6451D181-7BFB-4F63-9BD3-721383CC8D4D}.Release|Any CPU.ActiveCfg = Release|Any CPU
		{6451D181-7BFB-4F63-9BD3-721383CC8D4D}.Release|Any CPU.Build.0 = Release|Any CPU
		{17EBBB6B-BB53-462B-A1D2-0C9A6358147A}.Debug|Any CPU.ActiveCfg = Debug|Any CPU
		{17EBBB6B-BB53-462B-A1D2-0C9A6358147A}.Debug|Any CPU.Build.0 = Debug|Any CPU
		{17EBBB6B-BB53-462B-A1D2-0C9A6358147A}.Release|Any CPU.ActiveCfg = Release|Any CPU
		{17EBBB6B-BB53-462B-A1D2-0C9A6358147A}.Release|Any CPU.Build.0 = Release|Any CPU
		{FD553B3A-7F68-4365-B64D-644F3566AD56}.Debug|Any CPU.ActiveCfg = Debug|Any CPU
		{FD553B3A-7F68-4365-B64D-644F3566AD56}.Debug|Any CPU.Build.0 = Debug|Any CPU
		{FD553B3A-7F68-4365-B64D-644F3566AD56}.Release|Any CPU.ActiveCfg = Release|Any CPU
		{FD553B3A-7F68-4365-B64D-644F3566AD56}.Release|Any CPU.Build.0 = Release|Any CPU
		{0453037D-CA14-4999-8FE7-3D7942040D2A}.Debug|Any CPU.ActiveCfg = Debug|Any CPU
		{0453037D-CA14-4999-8FE7-3D7942040D2A}.Debug|Any CPU.Build.0 = Debug|Any CPU
		{0453037D-CA14-4999-8FE7-3D7942040D2A}.Release|Any CPU.ActiveCfg = Release|Any CPU
		{0453037D-CA14-4999-8FE7-3D7942040D2A}.Release|Any CPU.Build.0 = Release|Any CPU
		{962A7CE4-DCDB-4212-930A-9625B344B303}.Debug|Any CPU.ActiveCfg = Debug|Any CPU
		{962A7CE4-DCDB-4212-930A-9625B344B303}.Debug|Any CPU.Build.0 = Debug|Any CPU
		{962A7CE4-DCDB-4212-930A-9625B344B303}.Release|Any CPU.ActiveCfg = Release|Any CPU
		{962A7CE4-DCDB-4212-930A-9625B344B303}.Release|Any CPU.Build.0 = Release|Any CPU
	EndGlobalSection
	GlobalSection(SolutionProperties) = preSolution
		HideSolutionNode = FALSE
	EndGlobalSection
	GlobalSection(NestedProjects) = preSolution
		{AE15C9BB-359E-4D0E-B2F3-7BC9F7801358} = {02EA681E-C7D8-13C7-8484-4AC65E1B71E8}
		{6451D181-7BFB-4F63-9BD3-721383CC8D4D} = {02EA681E-C7D8-13C7-8484-4AC65E1B71E8}
		{17EBBB6B-BB53-462B-A1D2-0C9A6358147A} = {02EA681E-C7D8-13C7-8484-4AC65E1B71E8}
		{FD553B3A-7F68-4365-B64D-644F3566AD56} = {AB4F2F44-82A7-4806-BD15-35BF0D47E588}
		{0453037D-CA14-4999-8FE7-3D7942040D2A} = {AB4F2F44-82A7-4806-BD15-35BF0D47E588}
		{962A7CE4-DCDB-4212-930A-9625B344B303} = {AB4F2F44-82A7-4806-BD15-35BF0D47E588}
	EndGlobalSection
	GlobalSection(ExtensibilityGlobals) = postSolution
		SolutionGuid = {BBB2B1B9-7AF0-4E88-AEC9-A100D694C527}
	EndGlobalSection
EndGlobal
